// !$*UTF8*$!
{
	archiveVersion = 1;
	classes = {
	};
	objectVersion = 56;
	objects = {

/* Begin PBXBuildFile section */
		55A548352AA3773D001C027D /* RegisterViewController.swift in Sources */ = {isa = PBXBuildFile; fileRef = 55A548342AA3773D001C027D /* RegisterViewController.swift */; };
		55D19B1C2A94FCC2006BCFCD /* AppDelegate.swift in Sources */ = {isa = PBXBuildFile; fileRef = 55D19B1B2A94FCC2006BCFCD /* AppDelegate.swift */; };
		55D19B1E2A94FCC2006BCFCD /* SceneDelegate.swift in Sources */ = {isa = PBXBuildFile; fileRef = 55D19B1D2A94FCC2006BCFCD /* SceneDelegate.swift */; };
		55D19B202A94FCC2006BCFCD /* ViewController.swift in Sources */ = {isa = PBXBuildFile; fileRef = 55D19B1F2A94FCC2006BCFCD /* ViewController.swift */; };
		55D19B232A94FCC2006BCFCD /* Main.storyboard in Resources */ = {isa = PBXBuildFile; fileRef = 55D19B212A94FCC2006BCFCD /* Main.storyboard */; };
		55D19B252A94FCC4006BCFCD /* Assets.xcassets in Resources */ = {isa = PBXBuildFile; fileRef = 55D19B242A94FCC4006BCFCD /* Assets.xcassets */; };
		55D19B282A94FCC4006BCFCD /* LaunchScreen.storyboard in Resources */ = {isa = PBXBuildFile; fileRef = 55D19B262A94FCC4006BCFCD /* LaunchScreen.storyboard */; };
/* End PBXBuildFile section */

/* Begin PBXFileReference section */
		55A548342AA3773D001C027D /* RegisterViewController.swift */ = {isa = PBXFileReference; lastKnownFileType = sourcecode.swift; path = RegisterViewController.swift; sourceTree = "<group>"; };
		55D19B182A94FCC2006BCFCD /* UIKit_Masterproject_just_code.app */ = {isa = PBXFileReference; explicitFileType = wrapper.application; includeInIndex = 0; path = UIKit_Masterproject_just_code.app; sourceTree = BUILT_PRODUCTS_DIR; };
		55D19B1B2A94FCC2006BCFCD /* AppDelegate.swift */ = {isa = PBXFileReference; lastKnownFileType = sourcecode.swift; path = AppDelegate.swift; sourceTree = "<group>"; };
		55D19B1D2A94FCC2006BCFCD /* SceneDelegate.swift */ = {isa = PBXFileReference; lastKnownFileType = sourcecode.swift; path = SceneDelegate.swift; sourceTree = "<group>"; };
		55D19B1F2A94FCC2006BCFCD /* ViewController.swift */ = {isa = PBXFileReference; lastKnownFileType = sourcecode.swift; path = ViewController.swift; sourceTree = "<group>"; };
		55D19B222A94FCC2006BCFCD /* Base */ = {isa = PBXFileReference; lastKnownFileType = file.storyboard; name = Base; path = Base.lproj/Main.storyboard; sourceTree = "<group>"; };
		55D19B242A94FCC4006BCFCD /* Assets.xcassets */ = {isa = PBXFileReference; lastKnownFileType = folder.assetcatalog; path = Assets.xcassets; sourceTree = "<group>"; };
		55D19B272A94FCC4006BCFCD /* Base */ = {isa = PBXFileReference; lastKnownFileType = file.storyboard; name = Base; path = Base.lproj/LaunchScreen.storyboard; sourceTree = "<group>"; };
		55D19B292A94FCC4006BCFCD /* Info.plist */ = {isa = PBXFileReference; lastKnownFileType = text.plist.xml; path = Info.plist; sourceTree = "<group>"; };
/* End PBXFileReference section */

/* Begin PBXFrameworksBuildPhase section */
		55D19B152A94FCC2006BCFCD /* Frameworks */ = {
			isa = PBXFrameworksBuildPhase;
			buildActionMask = 2147483647;
			files = (
			);
			runOnlyForDeploymentPostprocessing = 0;
		};
/* End PBXFrameworksBuildPhase section */

/* Begin PBXGroup section */
		55D19B0F2A94FCC2006BCFCD = {
			isa = PBXGroup;
			children = (
				55D19B1A2A94FCC2006BCFCD /* UIKit_Masterproject_just_code */,
				55D19B192A94FCC2006BCFCD /* Products */,
			);
			sourceTree = "<group>";
		};
		55D19B192A94FCC2006BCFCD /* Products */ = {
			isa = PBXGroup;
			children = (
				55D19B182A94FCC2006BCFCD /* UIKit_Masterproject_just_code.app */,
			);
			name = Products;
			sourceTree = "<group>";
		};
		55D19B1A2A94FCC2006BCFCD /* UIKit_Masterproject_just_code */ = {
			isa = PBXGroup;
			children = (
				55D19B1B2A94FCC2006BCFCD /* AppDelegate.swift */,
				55D19B1D2A94FCC2006BCFCD /* SceneDelegate.swift */,
				55D19B1F2A94FCC2006BCFCD /* ViewController.swift */,
				55A548342AA3773D001C027D /* RegisterViewController.swift */,
				55D19B212A94FCC2006BCFCD /* Main.storyboard */,
				55D19B242A94FCC4006BCFCD /* Assets.xcassets */,
				55D19B262A94FCC4006BCFCD /* LaunchScreen.storyboard */,
				55D19B292A94FCC4006BCFCD /* Info.plist */,
			);
			path = UIKit_Masterproject_just_code;
			sourceTree = "<group>";
		};
/* End PBXGroup section */

/* Begin PBXNativeTarget section */
		55D19B172A94FCC2006BCFCD /* UIKit_Masterproject_just_code */ = {
			isa = PBXNativeTarget;
			buildConfigurationList = 55D19B2C2A94FCC4006BCFCD /* Build configuration list for PBXNativeTarget "UIKit_Masterproject_just_code" */;
			buildPhases = (
				55D19B142A94FCC2006BCFCD /* Sources */,
				55D19B152A94FCC2006BCFCD /* Frameworks */,
				55D19B162A94FCC2006BCFCD /* Resources */,
			);
			buildRules = (
			);
			dependencies = (
			);
			name = UIKit_Masterproject_just_code;
			productName = UIKit_Masterproject_just_code;
			productReference = 55D19B182A94FCC2006BCFCD /* UIKit_Masterproject_just_code.app */;
			productType = "com.apple.product-type.application";
		};
/* End PBXNativeTarget section */

/* Begin PBXProject section */
		55D19B102A94FCC2006BCFCD /* Project object */ = {
			isa = PBXProject;
			attributes = {
				BuildIndependentTargetsInParallel = 1;
				LastSwiftUpdateCheck = 1400;
				LastUpgradeCheck = 1400;
				TargetAttributes = {
					55D19B172A94FCC2006BCFCD = {
						CreatedOnToolsVersion = 14.0.1;
					};
				};
			};
			buildConfigurationList = 55D19B132A94FCC2006BCFCD /* Build configuration list for PBXProject "UIKit_Masterproject_just_code" */;
			compatibilityVersion = "Xcode 14.0";
			developmentRegion = en;
			hasScannedForEncodings = 0;
			knownRegions = (
				en,
				Base,
			);
			mainGroup = 55D19B0F2A94FCC2006BCFCD;
			productRefGroup = 55D19B192A94FCC2006BCFCD /* Products */;
			projectDirPath = "";
			projectRoot = "";
			targets = (
				55D19B172A94FCC2006BCFCD /* UIKit_Masterproject_just_code */,
			);
		};
/* End PBXProject section */

/* Begin PBXResourcesBuildPhase section */
		55D19B162A94FCC2006BCFCD /* Resources */ = {
			isa = PBXResourcesBuildPhase;
			buildActionMask = 2147483647;
			files = (
				55D19B282A94FCC4006BCFCD /* LaunchScreen.storyboard in Resources */,
				55D19B252A94FCC4006BCFCD /* Assets.xcassets in Resources */,
				55D19B232A94FCC2006BCFCD /* Main.storyboard in Resources */,
			);
			runOnlyForDeploymentPostprocessing = 0;
		};
/* End PBXResourcesBuildPhase section */

/* Begin PBXSourcesBuildPhase section */
		55D19B142A94FCC2006BCFCD /* Sources */ = {
			isa = PBXSourcesBuildPhase;
			buildActionMask = 2147483647;
			files = (
				55A548352AA3773D001C027D /* RegisterViewController.swift in Sources */,
				55D19B202A94FCC2006BCFCD /* ViewController.swift in Sources */,
				55D19B1C2A94FCC2006BCFCD /* AppDelegate.swift in Sources */,
				55D19B1E2A94FCC2006BCFCD /* SceneDelegate.swift in Sources */,
			);
			runOnlyForDeploymentPostprocessing = 0;
		};
/* End PBXSourcesBuildPhase section */

/* Begin PBXVariantGroup section */
		55D19B212A94FCC2006BCFCD /* Main.storyboard */ = {
			isa = PBXVariantGroup;
			children = (
				55D19B222A94FCC2006BCFCD /* Base */,
			);
			name = Main.storyboard;
			sourceTree = "<group>";
		};
		55D19B262A94FCC4006BCFCD /* LaunchScreen.storyboard */ = {
			isa = PBXVariantGroup;
			children = (
				55D19B272A94FCC4006BCFCD /* Base */,
			);
			name = LaunchScreen.storyboard;
			sourceTree = "<group>";
		};
/* End PBXVariantGroup section */

/* Begin XCBuildConfiguration section */
		55D19B2A2A94FCC4006BCFCD /* Debug */ = {
			isa = XCBuildConfiguration;
			buildSettings = {
				ALWAYS_SEARCH_USER_PATHS = NO;
				CLANG_ANALYZER_NONNULL = YES;
				CLANG_ANALYZER_NUMBER_OBJECT_CONVERSION = YES_AGGRESSIVE;
				CLANG_CXX_LANGUAGE_STANDARD = "gnu++20";
				CLANG_ENABLE_MODULES = YES;
				CLANG_ENABLE_OBJC_ARC = YES;
				CLANG_ENABLE_OBJC_WEAK = YES;
				CLANG_WARN_BLOCK_CAPTURE_AUTORELEASING = YES;
				CLANG_WARN_BOOL_CONVERSION = YES;
				CLANG_WARN_COMMA = YES;
				CLANG_WARN_CONSTANT_CONVERSION = YES;
				CLANG_WARN_DEPRECATED_OBJC_IMPLEMENTATIONS = YES;
				CLANG_WARN_DIRECT_OBJC_ISA_USAGE = YES_ERROR;
				CLANG_WARN_DOCUMENTATION_COMMENTS = YES;
				CLANG_WARN_EMPTY_BODY = YES;
				CLANG_WARN_ENUM_CONVERSION = YES;
				CLANG_WARN_INFINITE_RECURSION = YES;
				CLANG_WARN_INT_CONVERSION = YES;
				CLANG_WARN_NON_LITERAL_NULL_CONVERSION = YES;
				CLANG_WARN_OBJC_IMPLICIT_RETAIN_SELF = YES;
				CLANG_WARN_OBJC_LITERAL_CONVERSION = YES;
				CLANG_WARN_OBJC_ROOT_CLASS = YES_ERROR;
				CLANG_WARN_QUOTED_INCLUDE_IN_FRAMEWORK_HEADER = YES;
				CLANG_WARN_RANGE_LOOP_ANALYSIS = YES;
				CLANG_WARN_STRICT_PROTOTYPES = YES;
				CLANG_WARN_SUSPICIOUS_MOVE = YES;
				CLANG_WARN_UNGUARDED_AVAILABILITY = YES_AGGRESSIVE;
				CLANG_WARN_UNREACHABLE_CODE = YES;
				CLANG_WARN__DUPLICATE_METHOD_MATCH = YES;
				COPY_PHASE_STRIP = NO;
				DEBUG_INFORMATION_FORMAT = dwarf;
				ENABLE_STRICT_OBJC_MSGSEND = YES;
				ENABLE_TESTABILITY = YES;
				GCC_C_LANGUAGE_STANDARD = gnu11;
				GCC_DYNAMIC_NO_PIC = NO;
				GCC_NO_COMMON_BLOCKS = YES;
				GCC_OPTIMIZATION_LEVEL = 0;
				GCC_PREPROCESSOR_DEFINITIONS = (
					"DEBUG=1",
					"$(inherited)",
				);
				GCC_WARN_64_TO_32_BIT_CONVERSION = YES;
				GCC_WARN_ABOUT_RETURN_TYPE = YES_ERROR;
				GCC_WARN_UNDECLARED_SELECTOR = YES;
				GCC_WARN_UNINITIALIZED_AUTOS = YES_AGGRESSIVE;
				GCC_WARN_UNUSED_FUNCTION = YES;
				GCC_WARN_UNUSED_VARIABLE = YES;
				IPHONEOS_DEPLOYMENT_TARGET = 16.0;
				MTL_ENABLE_DEBUG_INFO = INCLUDE_SOURCE;
				MTL_FAST_MATH = YES;
				ONLY_ACTIVE_ARCH = YES;
				SDKROOT = iphoneos;
				SWIFT_ACTIVE_COMPILATION_CONDITIONS = DEBUG;
				SWIFT_OPTIMIZATION_LEVEL = "-Onone";
			};
			name = Debug;
		};
		55D19B2B2A94FCC4006BCFCD /* Release */ = {
			isa = XCBuildConfiguration;
			buildSettings = {
				ALWAYS_SEARCH_USER_PATHS = NO;
				CLANG_ANALYZER_NONNULL = YES;
				CLANG_ANALYZER_NUMBER_OBJECT_CONVERSION = YES_AGGRESSIVE;
				CLANG_CXX_LANGUAGE_STANDARD = "gnu++20";
				CLANG_ENABLE_MODULES = YES;
				CLANG_ENABLE_OBJC_ARC = YES;
				CLANG_ENABLE_OBJC_WEAK = YES;
				CLANG_WARN_BLOCK_CAPTURE_AUTORELEASING = YES;
				CLANG_WARN_BOOL_CONVERSION = YES;
				CLANG_WARN_COMMA = YES;
				CLANG_WARN_CONSTANT_CONVERSION = YES;
				CLANG_WARN_DEPRECATED_OBJC_IMPLEMENTATIONS = YES;
				CLANG_WARN_DIRECT_OBJC_ISA_USAGE = YES_ERROR;
				CLANG_WARN_DOCUMENTATION_COMMENTS = YES;
				CLANG_WARN_EMPTY_BODY = YES;
				CLANG_WARN_ENUM_CONVERSION = YES;
				CLANG_WARN_INFINITE_RECURSION = YES;
				CLANG_WARN_INT_CONVERSION = YES;
				CLANG_WARN_NON_LITERAL_NULL_CONVERSION = YES;
				CLANG_WARN_OBJC_IMPLICIT_RETAIN_SELF = YES;
				CLANG_WARN_OBJC_LITERAL_CONVERSION = YES;
				CLANG_WARN_OBJC_ROOT_CLASS = YES_ERROR;
				CLANG_WARN_QUOTED_INCLUDE_IN_FRAMEWORK_HEADER = YES;
				CLANG_WARN_RANGE_LOOP_ANALYSIS = YES;
				CLANG_WARN_STRICT_PROTOTYPES = YES;
				CLANG_WARN_SUSPICIOUS_MOVE = YES;
				CLANG_WARN_UNGUARDED_AVAILABILITY = YES_AGGRESSIVE;
				CLANG_WARN_UNREACHABLE_CODE = YES;
				CLANG_WARN__DUPLICATE_METHOD_MATCH = YES;
				COPY_PHASE_STRIP = NO;
				DEBUG_INFORMATION_FORMAT = "dwarf-with-dsym";
				ENABLE_NS_ASSERTIONS = NO;
				ENABLE_STRICT_OBJC_MSGSEND = YES;
				GCC_C_LANGUAGE_STANDARD = gnu11;
				GCC_NO_COMMON_BLOCKS = YES;
				GCC_WARN_64_TO_32_BIT_CONVERSION = YES;
				GCC_WARN_ABOUT_RETURN_TYPE = YES_ERROR;
				GCC_WARN_UNDECLARED_SELECTOR = YES;
				GCC_WARN_UNINITIALIZED_AUTOS = YES_AGGRESSIVE;
				GCC_WARN_UNUSED_FUNCTION = YES;
				GCC_WARN_UNUSED_VARIABLE = YES;
				IPHONEOS_DEPLOYMENT_TARGET = 16.0;
				MTL_ENABLE_DEBUG_INFO = NO;
				MTL_FAST_MATH = YES;
				SDKROOT = iphoneos;
				SWIFT_COMPILATION_MODE = wholemodule;
				SWIFT_OPTIMIZATION_LEVEL = "-O";
				VALIDATE_PRODUCT = YES;
			};
			name = Release;
		};
		55D19B2D2A94FCC4006BCFCD /* Debug */ = {
			isa = XCBuildConfiguration;
			buildSettings = {
				ASSETCATALOG_COMPILER_APPICON_NAME = AppIcon;
				ASSETCATALOG_COMPILER_GLOBAL_ACCENT_COLOR_NAME = AccentColor;
				CODE_SIGN_STYLE = Automatic;
				CURRENT_PROJECT_VERSION = 1;
				DEVELOPMENT_TEAM = KT5UD2JDYQ;
				GENERATE_INFOPLIST_FILE = YES;
				INFOPLIST_FILE = UIKit_Masterproject_just_code/Info.plist;
				INFOPLIST_KEY_UIApplicationSupportsIndirectInputEvents = YES;
				INFOPLIST_KEY_UILaunchStoryboardName = LaunchScreen;
				INFOPLIST_KEY_UIMainStoryboardFile = Main;
				INFOPLIST_KEY_UISupportedInterfaceOrientations_iPad = "UIInterfaceOrientationPortrait UIInterfaceOrientationPortraitUpsideDown UIInterfaceOrientationLandscapeLeft UIInterfaceOrientationLandscapeRight";
				INFOPLIST_KEY_UISupportedInterfaceOrientations_iPhone = "UIInterfaceOrientationPortrait UIInterfaceOrientationLandscapeLeft UIInterfaceOrientationLandscapeRight";
				LD_RUNPATH_SEARCH_PATHS = (
					"$(inherited)",
					"@executable_path/Frameworks",
				);
				MARKETING_VERSION = 1.0;
				PRODUCT_BUNDLE_IDENTIFIER = "com.oscar.UIKit-Masterproject-just-code";
				PRODUCT_NAME = "$(TARGET_NAME)";
				SWIFT_EMIT_LOC_STRINGS = YES;
				SWIFT_VERSION = 5.0;
				TARGETED_DEVICE_FAMILY = "1,2";
			};
			name = Debug;
		};
		55D19B2E2A94FCC4006BCFCD /* Release */ = {
			isa = XCBuildConfiguration;
			buildSettings = {
				ASSETCATALOG_COMPILER_APPICON_NAME = AppIcon;
				ASSETCATALOG_COMPILER_GLOBAL_ACCENT_COLOR_NAME = AccentColor;
				CODE_SIGN_STYLE = Automatic;
				CURRENT_PROJECT_VERSION = 1;
				DEVELOPMENT_TEAM = KT5UD2JDYQ;
				GENERATE_INFOPLIST_FILE = YES;
				INFOPLIST_FILE = UIKit_Masterproject_just_code/Info.plist;
				INFOPLIST_KEY_UIApplicationSupportsIndirectInputEvents = YES;
				INFOPLIST_KEY_UILaunchStoryboardName = LaunchScreen;
				INFOPLIST_KEY_UIMainStoryboardFile = Main;
				INFOPLIST_KEY_UISupportedInterfaceOrientations_iPad = "UIInterfaceOrientationPortrait UIInterfaceOrientationPortraitUpsideDown UIInterfaceOrientationLandscapeLeft UIInterfaceOrientationLandscapeRight";
				INFOPLIST_KEY_UISupportedInterfaceOrientations_iPhone = "UIInterfaceOrientationPortrait UIInterfaceOrientationLandscapeLeft UIInterfaceOrientationLandscapeRight";
				LD_RUNPATH_SEARCH_PATHS = (
					"$(inherited)",
					"@executable_path/Frameworks",
				);
				MARKETING_VERSION = 1.0;
				PRODUCT_BUNDLE_IDENTIFIER = "com.oscar.UIKit-Masterproject-just-code";
				PRODUCT_NAME = "$(TARGET_NAME)";
				SWIFT_EMIT_LOC_STRINGS = YES;
				SWIFT_VERSION = 5.0;
				TARGETED_DEVICE_FAMILY = "1,2";
			};
			name = Release;
		};
/* End XCBuildConfiguration section */

/* Begin XCConfigurationList section */
		55D19B132A94FCC2006BCFCD /* Build configuration list for PBXProject "UIKit_Masterproject_just_code" */ = {
			isa = XCConfigurationList;
			buildConfigurations = (
				55D19B2A2A94FCC4006BCFCD /* Debug */,
				55D19B2B2A94FCC4006BCFCD /* Release */,
			);
			defaultConfigurationIsVisible = 0;
			defaultConfigurationName = Release;
		};
		55D19B2C2A94FCC4006BCFCD /* Build configuration list for PBXNativeTarget "UIKit_Masterproject_just_code" */ = {
			isa = XCConfigurationList;
			buildConfigurations = (
				55D19B2D2A94FCC4006BCFCD /* Debug */,
				55D19B2E2A94FCC4006BCFCD /* Release */,
			);
			defaultConfigurationIsVisible = 0;
			defaultConfigurationName = Release;
		};
/* End XCConfigurationList section */
	};
	rootObject = 55D19B102A94FCC2006BCFCD /* Project object */;
}
